dependencies:
- name: mysql
  repository: https://charts.bitnami.com/bitnami
  version: 10.1.1
- name: postgresql
  repository: https://charts.bitnami.com/bitnami
  version: 15.2.4
- name: postgresql-ha
  repository: https://charts.bitnami.com/bitnami
  version: 9.4.11
- name: rabbitmq
  repository: https://charts.bitnami.com/bitnami
  version: 11.16.2
- name: redis
  repository: https://charts.bitnami.com/bitnami
  version: 19.0.2
digest: sha256:cb18be81146447c3fd3c2e4cb1a92ff7dd2b512c7dc8313b01eb96951e0e077f
generated: "2024-04-08T18:34:17.088668505Z"
